// !$*UTF8*$!
{
	archiveVersion = 1;
	classes = {
	};
	objectVersion = 46;
	objects = {

/* Begin PBXBuildFile section */
		DBBE4FCF147027F9008E0D4B /* MessageUI.framework in Frameworks */ = {isa = PBXBuildFile; fileRef = DBBE4FCE147027F9008E0D4B /* MessageUI.framework */; };
		DBC0B343146E0EC400A311EF /* UIKit.framework in Frameworks */ = {isa = PBXBuildFile; fileRef = DBC0B342146E0EC400A311EF /* UIKit.framework */; };
		DBC0B345146E0EC400A311EF /* Foundation.framework in Frameworks */ = {isa = PBXBuildFile; fileRef = DBC0B344146E0EC400A311EF /* Foundation.framework */; };
		DBC0B347146E0EC400A311EF /* CoreGraphics.framework in Frameworks */ = {isa = PBXBuildFile; fileRef = DBC0B346146E0EC400A311EF /* CoreGraphics.framework */; };
		DBC0B34D146E0EC400A311EF /* InfoPlist.strings in Resources */ = {isa = PBXBuildFile; fileRef = DBC0B34B146E0EC400A311EF /* InfoPlist.strings */; };
		DBC0B34F146E0EC400A311EF /* main.m in Sources */ = {isa = PBXBuildFile; fileRef = DBC0B34E146E0EC400A311EF /* main.m */; };
		DBC0B353146E0EC400A311EF /* AppDelegate.m in Sources */ = {isa = PBXBuildFile; fileRef = DBC0B352146E0EC400A311EF /* AppDelegate.m */; };
		DBC0B356146E0EC400A311EF /* RootViewController.m in Sources */ = {isa = PBXBuildFile; fileRef = DBC0B355146E0EC400A311EF /* RootViewController.m */; };
		DBC0B359146E0EC400A311EF /* DataViewController.m in Sources */ = {isa = PBXBuildFile; fileRef = DBC0B358146E0EC400A311EF /* DataViewController.m */; };
		DBC0B35C146E0EC400A311EF /* ModelController.m in Sources */ = {isa = PBXBuildFile; fileRef = DBC0B35B146E0EC400A311EF /* ModelController.m */; };
		DBC0B35F146E0EC400A311EF /* MainStoryboard_iPhone.storyboard in Resources */ = {isa = PBXBuildFile; fileRef = DBC0B35D146E0EC400A311EF /* MainStoryboard_iPhone.storyboard */; };
		DBC0B362146E0EC400A311EF /* MainStoryboard_iPad.storyboard in Resources */ = {isa = PBXBuildFile; fileRef = DBC0B360146E0EC400A311EF /* MainStoryboard_iPad.storyboard */; };
		DBC0B390146ECBCA00A311EF /* QuartzCore.framework in Frameworks */ = {isa = PBXBuildFile; fileRef = DBC0B38F146ECBCA00A311EF /* QuartzCore.framework */; };
		DBE76D8F14769E40009274D7 /* GtrRcgnizer.m in Sources */ = {isa = PBXBuildFile; fileRef = DBE76D8E14769E40009274D7 /* GtrRcgnizer.m */; };
/* End PBXBuildFile section */

/* Begin PBXFileReference section */
		DBBE4FCE147027F9008E0D4B /* MessageUI.framework */ = {isa = PBXFileReference; lastKnownFileType = wrapper.framework; name = MessageUI.framework; path = System/Library/Frameworks/MessageUI.framework; sourceTree = SDKROOT; };
		DBC0B33E146E0EC400A311EF /* drawTest.app */ = {isa = PBXFileReference; explicitFileType = wrapper.application; includeInIndex = 0; path = drawTest.app; sourceTree = BUILT_PRODUCTS_DIR; };
		DBC0B342146E0EC400A311EF /* UIKit.framework */ = {isa = PBXFileReference; lastKnownFileType = wrapper.framework; name = UIKit.framework; path = System/Library/Frameworks/UIKit.framework; sourceTree = SDKROOT; };
		DBC0B344146E0EC400A311EF /* Foundation.framework */ = {isa = PBXFileReference; lastKnownFileType = wrapper.framework; name = Foundation.framework; path = System/Library/Frameworks/Foundation.framework; sourceTree = SDKROOT; };
		DBC0B346146E0EC400A311EF /* CoreGraphics.framework */ = {isa = PBXFileReference; lastKnownFileType = wrapper.framework; name = CoreGraphics.framework; path = System/Library/Frameworks/CoreGraphics.framework; sourceTree = SDKROOT; };
		DBC0B34A146E0EC400A311EF /* drawTest-Info.plist */ = {isa = PBXFileReference; lastKnownFileType = text.plist.xml; path = "drawTest-Info.plist"; sourceTree = "<group>"; };
		DBC0B34C146E0EC400A311EF /* en */ = {isa = PBXFileReference; lastKnownFileType = text.plist.strings; name = en; path = en.lproj/InfoPlist.strings; sourceTree = "<group>"; };
		DBC0B34E146E0EC400A311EF /* main.m */ = {isa = PBXFileReference; lastKnownFileType = sourcecode.c.objc; path = main.m; sourceTree = "<group>"; };
		DBC0B350146E0EC400A311EF /* drawTest-Prefix.pch */ = {isa = PBXFileReference; lastKnownFileType = sourcecode.c.h; path = "drawTest-Prefix.pch"; sourceTree = "<group>"; };
		DBC0B351146E0EC400A311EF /* AppDelegate.h */ = {isa = PBXFileReference; lastKnownFileType = sourcecode.c.h; path = AppDelegate.h; sourceTree = "<group>"; };
		DBC0B352146E0EC400A311EF /* AppDelegate.m */ = {isa = PBXFileReference; lastKnownFileType = sourcecode.c.objc; path = AppDelegate.m; sourceTree = "<group>"; };
		DBC0B354146E0EC400A311EF /* RootViewController.h */ = {isa = PBXFileReference; lastKnownFileType = sourcecode.c.h; path = RootViewController.h; sourceTree = "<group>"; };
		DBC0B355146E0EC400A311EF /* RootViewController.m */ = {isa = PBXFileReference; lastKnownFileType = sourcecode.c.objc; path = RootViewController.m; sourceTree = "<group>"; };
		DBC0B357146E0EC400A311EF /* DataViewController.h */ = {isa = PBXFileReference; lastKnownFileType = sourcecode.c.h; path = DataViewController.h; sourceTree = "<group>"; };
		DBC0B358146E0EC400A311EF /* DataViewController.m */ = {isa = PBXFileReference; lastKnownFileType = sourcecode.c.objc; path = DataViewController.m; sourceTree = "<group>"; };
		DBC0B35A146E0EC400A311EF /* ModelController.h */ = {isa = PBXFileReference; lastKnownFileType = sourcecode.c.h; path = ModelController.h; sourceTree = "<group>"; };
		DBC0B35B146E0EC400A311EF /* ModelController.m */ = {isa = PBXFileReference; lastKnownFileType = sourcecode.c.objc; path = ModelController.m; sourceTree = "<group>"; };
		DBC0B35E146E0EC400A311EF /* en */ = {isa = PBXFileReference; lastKnownFileType = file.storyboard; name = en; path = en.lproj/MainStoryboard_iPhone.storyboard; sourceTree = "<group>"; };
		DBC0B361146E0EC400A311EF /* en */ = {isa = PBXFileReference; lastKnownFileType = file.storyboard; name = en; path = en.lproj/MainStoryboard_iPad.storyboard; sourceTree = "<group>"; };
		DBC0B38F146ECBCA00A311EF /* QuartzCore.framework */ = {isa = PBXFileReference; lastKnownFileType = wrapper.framework; name = QuartzCore.framework; path = System/Library/Frameworks/QuartzCore.framework; sourceTree = SDKROOT; };
		DBE76D8D14769E40009274D7 /* GtrRcgnizer.h */ = {isa = PBXFileReference; fileEncoding = 4; lastKnownFileType = sourcecode.c.h; path = GtrRcgnizer.h; sourceTree = "<group>"; };
		DBE76D8E14769E40009274D7 /* GtrRcgnizer.m */ = {isa = PBXFileReference; fileEncoding = 4; lastKnownFileType = sourcecode.c.objc; path = GtrRcgnizer.m; sourceTree = "<group>"; };
/* End PBXFileReference section */

/* Begin PBXFrameworksBuildPhase section */
		DBC0B33B146E0EC400A311EF /* Frameworks */ = {
			isa = PBXFrameworksBuildPhase;
			buildActionMask = 2147483647;
			files = (
				DBBE4FCF147027F9008E0D4B /* MessageUI.framework in Frameworks */,
				DBC0B390146ECBCA00A311EF /* QuartzCore.framework in Frameworks */,
				DBC0B343146E0EC400A311EF /* UIKit.framework in Frameworks */,
				DBC0B345146E0EC400A311EF /* Foundation.framework in Frameworks */,
				DBC0B347146E0EC400A311EF /* CoreGraphics.framework in Frameworks */,
			);
			runOnlyForDeploymentPostprocessing = 0;
		};
/* End PBXFrameworksBuildPhase section */

/* Begin PBXGroup section */
		DBC0B333146E0EC400A311EF = {
			isa = PBXGroup;
			children = (
				DBC0B348146E0EC400A311EF /* drawTest */,
				DBC0B341146E0EC400A311EF /* Frameworks */,
				DBC0B33F146E0EC400A311EF /* Products */,
			);
			sourceTree = "<group>";
		};
		DBC0B33F146E0EC400A311EF /* Products */ = {
			isa = PBXGroup;
			children = (
				DBC0B33E146E0EC400A311EF /* drawTest.app */,
			);
			name = Products;
			sourceTree = "<group>";
		};
		DBC0B341146E0EC400A311EF /* Frameworks */ = {
			isa = PBXGroup;
			children = (
				DBBE4FCE147027F9008E0D4B /* MessageUI.framework */,
				DBC0B38F146ECBCA00A311EF /* QuartzCore.framework */,
				DBC0B342146E0EC400A311EF /* UIKit.framework */,
				DBC0B344146E0EC400A311EF /* Foundation.framework */,
				DBC0B346146E0EC400A311EF /* CoreGraphics.framework */,
			);
			name = Frameworks;
			sourceTree = "<group>";
		};
		DBC0B348146E0EC400A311EF /* drawTest */ = {
			isa = PBXGroup;
			children = (
				DBC0B351146E0EC400A311EF /* AppDelegate.h */,
				DBC0B352146E0EC400A311EF /* AppDelegate.m */,
				DBC0B354146E0EC400A311EF /* RootViewController.h */,
				DBC0B355146E0EC400A311EF /* RootViewController.m */,
				DBC0B357146E0EC400A311EF /* DataViewController.h */,
				DBC0B358146E0EC400A311EF /* DataViewController.m */,
				DBC0B35A146E0EC400A311EF /* ModelController.h */,
				DBC0B35B146E0EC400A311EF /* ModelController.m */,
				DBE76D8D14769E40009274D7 /* GtrRcgnizer.h */,
				DBE76D8E14769E40009274D7 /* GtrRcgnizer.m */,
				DBC0B35D146E0EC400A311EF /* MainStoryboard_iPhone.storyboard */,
				DBC0B360146E0EC400A311EF /* MainStoryboard_iPad.storyboard */,
				DBC0B349146E0EC400A311EF /* Supporting Files */,
			);
			path = drawTest;
			sourceTree = "<group>";
		};
		DBC0B349146E0EC400A311EF /* Supporting Files */ = {
			isa = PBXGroup;
			children = (
				DBC0B34A146E0EC400A311EF /* drawTest-Info.plist */,
				DBC0B34B146E0EC400A311EF /* InfoPlist.strings */,
				DBC0B34E146E0EC400A311EF /* main.m */,
				DBC0B350146E0EC400A311EF /* drawTest-Prefix.pch */,
			);
			name = "Supporting Files";
			sourceTree = "<group>";
		};
/* End PBXGroup section */

/* Begin PBXNativeTarget section */
		DBC0B33D146E0EC400A311EF /* drawTest */ = {
			isa = PBXNativeTarget;
			buildConfigurationList = DBC0B365146E0EC400A311EF /* Build configuration list for PBXNativeTarget "drawTest" */;
			buildPhases = (
				DBC0B33A146E0EC400A311EF /* Sources */,
				DBC0B33B146E0EC400A311EF /* Frameworks */,
				DBC0B33C146E0EC400A311EF /* Resources */,
			);
			buildRules = (
			);
			dependencies = (
			);
			name = drawTest;
			productName = drawTest;
			productReference = DBC0B33E146E0EC400A311EF /* drawTest.app */;
			productType = "com.apple.product-type.application";
		};
/* End PBXNativeTarget section */

/* Begin PBXProject section */
		DBC0B335146E0EC400A311EF /* Project object */ = {
			isa = PBXProject;
			attributes = {
				LastUpgradeCheck = 0420;
			};
			buildConfigurationList = DBC0B338146E0EC400A311EF /* Build configuration list for PBXProject "drawTest" */;
			compatibilityVersion = "Xcode 3.2";
			developmentRegion = English;
			hasScannedForEncodings = 0;
			knownRegions = (
				en,
			);
			mainGroup = DBC0B333146E0EC400A311EF;
			productRefGroup = DBC0B33F146E0EC400A311EF /* Products */;
			projectDirPath = "";
			projectRoot = "";
			targets = (
				DBC0B33D146E0EC400A311EF /* drawTest */,
			);
		};
/* End PBXProject section */

/* Begin PBXResourcesBuildPhase section */
		DBC0B33C146E0EC400A311EF /* Resources */ = {
			isa = PBXResourcesBuildPhase;
			buildActionMask = 2147483647;
			files = (
				DBC0B34D146E0EC400A311EF /* InfoPlist.strings in Resources */,
				DBC0B35F146E0EC400A311EF /* MainStoryboard_iPhone.storyboard in Resources */,
				DBC0B362146E0EC400A311EF /* MainStoryboard_iPad.storyboard in Resources */,
			);
			runOnlyForDeploymentPostprocessing = 0;
		};
/* End PBXResourcesBuildPhase section */

/* Begin PBXSourcesBuildPhase section */
		DBC0B33A146E0EC400A311EF /* Sources */ = {
			isa = PBXSourcesBuildPhase;
			buildActionMask = 2147483647;
			files = (
				DBC0B34F146E0EC400A311EF /* main.m in Sources */,
				DBC0B353146E0EC400A311EF /* AppDelegate.m in Sources */,
				DBC0B356146E0EC400A311EF /* RootViewController.m in Sources */,
				DBC0B359146E0EC400A311EF /* DataViewController.m in Sources */,
				DBC0B35C146E0EC400A311EF /* ModelController.m in Sources */,
				DBE76D8F14769E40009274D7 /* GtrRcgnizer.m in Sources */,
			);
			runOnlyForDeploymentPostprocessing = 0;
		};
/* End PBXSourcesBuildPhase section */

/* Begin PBXVariantGroup section */
		DBC0B34B146E0EC400A311EF /* InfoPlist.strings */ = {
			isa = PBXVariantGroup;
			children = (
				DBC0B34C146E0EC400A311EF /* en */,
			);
			name = InfoPlist.strings;
			sourceTree = "<group>";
		};
		DBC0B35D146E0EC400A311EF /* MainStoryboard_iPhone.storyboard */ = {
			isa = PBXVariantGroup;
			children = (
				DBC0B35E146E0EC400A311EF /* en */,
			);
			name = MainStoryboard_iPhone.storyboard;
			sourceTree = "<group>";
		};
		DBC0B360146E0EC400A311EF /* MainStoryboard_iPad.storyboard */ = {
			isa = PBXVariantGroup;
			children = (
				DBC0B361146E0EC400A311EF /* en */,
			);
			name = MainStoryboard_iPad.storyboard;
			sourceTree = "<group>";
		};
/* End PBXVariantGroup section */

/* Begin XCBuildConfiguration section */
		DBC0B363146E0EC400A311EF /* Debug */ = {
			isa = XCBuildConfiguration;
			buildSettings = {
				ALWAYS_SEARCH_USER_PATHS = NO;
				ARCHS = "$(ARCHS_STANDARD_32_BIT)";
				CLANG_ENABLE_OBJC_ARC = YES;
				"CODE_SIGN_IDENTITY[sdk=iphoneos*]" = "iPhone Developer";
				COPY_PHASE_STRIP = NO;
				GCC_C_LANGUAGE_STANDARD = gnu99;
				GCC_DYNAMIC_NO_PIC = NO;
				GCC_OPTIMIZATION_LEVEL = 0;
				GCC_PREPROCESSOR_DEFINITIONS = (
					"DEBUG=1",
					"$(inherited)",
				);
				GCC_SYMBOLS_PRIVATE_EXTERN = NO;
				GCC_VERSION = com.apple.compilers.llvm.clang.1_0;
				GCC_WARN_ABOUT_MISSING_PROTOTYPES = YES;
				GCC_WARN_ABOUT_RETURN_TYPE = YES;
				GCC_WARN_UNUSED_VARIABLE = YES;
				IPHONEOS_DEPLOYMENT_TARGET = 5.0;
				SDKROOT = iphoneos;
				TARGETED_DEVICE_FAMILY = "1,2";
			};
			name = Debug;
		};
		DBC0B364146E0EC400A311EF /* Release */ = {
			isa = XCBuildConfiguration;
			buildSettings = {
				ALWAYS_SEARCH_USER_PATHS = NO;
				ARCHS = "$(ARCHS_STANDARD_32_BIT)";
				CLANG_ENABLE_OBJC_ARC = YES;
				"CODE_SIGN_IDENTITY[sdk=iphoneos*]" = "iPhone Developer";
				COPY_PHASE_STRIP = YES;
				GCC_C_LANGUAGE_STANDARD = gnu99;
				GCC_VERSION = com.apple.compilers.llvm.clang.1_0;
				GCC_WARN_ABOUT_MISSING_PROTOTYPES = YES;
				GCC_WARN_ABOUT_RETURN_TYPE = YES;
				GCC_WARN_UNUSED_VARIABLE = YES;
				IPHONEOS_DEPLOYMENT_TARGET = 5.0;
				OTHER_CFLAGS = "-DNS_BLOCK_ASSERTIONS=1";
				SDKROOT = iphoneos;
				TARGETED_DEVICE_FAMILY = "1,2";
				VALIDATE_PRODUCT = YES;
			};
			name = Release;
		};
		DBC0B366146E0EC400A311EF /* Debug */ = {
			isa = XCBuildConfiguration;
			buildSettings = {
				GCC_PRECOMPILE_PREFIX_HEADER = YES;
				GCC_PREFIX_HEADER = "drawTest/drawTest-Prefix.pch";
				INFOPLIST_FILE = "drawTest/drawTest-Info.plist";
				PRODUCT_NAME = "$(TARGET_NAME)";
				TARGETED_DEVICE_FAMILY = "1,2";
				WRAPPER_EXTENSION = app;
			};
			name = Debug;
		};
		DBC0B367146E0EC400A311EF /* Release */ = {
			isa = XCBuildConfiguration;
			buildSettings = {
				GCC_PRECOMPILE_PREFIX_HEADER = YES;
				GCC_PREFIX_HEADER = "drawTest/drawTest-Prefix.pch";
				INFOPLIST_FILE = "drawTest/drawTest-Info.plist";
				PRODUCT_NAME = "$(TARGET_NAME)";
				TARGETED_DEVICE_FAMILY = "1,2";
				WRAPPER_EXTENSION = app;
			};
			name = Release;
		};
/* End XCBuildConfiguration section */

/* Begin XCConfigurationList section */
		DBC0B338146E0EC400A311EF /* Build configuration list for PBXProject "drawTest" */ = {
			isa = XCConfigurationList;
			buildConfigurations = (
				DBC0B363146E0EC400A311EF /* Debug */,
				DBC0B364146E0EC400A311EF /* Release */,
			);
			defaultConfigurationIsVisible = 0;
			defaultConfigurationName = Release;
		};
		DBC0B365146E0EC400A311EF /* Build configuration list for PBXNativeTarget "drawTest" */ = {
			isa = XCConfigurationList;
			buildConfigurations = (
				DBC0B366146E0EC400A311EF /* Debug */,
				DBC0B367146E0EC400A311EF /* Release */,
			);
			defaultConfigurationIsVisible = 0;
			defaultConfigurationName = Release;
		};
/* End XCConfigurationList section */
	};
	rootObject = DBC0B335146E0EC400A311EF /* Project object */;
}
